Microsoft Visual Studio Solution File, Format Version 12.00
Project("{FAE04EC0-301F-11D3-BF4B-00C04F79EFBC}") = "image_processing", "image_processing\image_processing.csproj", "{8E34924E-D361-46AD-B3AD-BC0E860830E9}"
EndProject
Project("{FAE04EC0-301F-11D3-BF4B-00C04F79EFBC}") = "image_processing_consumer", "image_processing_consumer\image_processing_consumer.csproj", "{B2A5C8D7-4F3E-4A9B-8C6D-1E2F3A4B5C6D}"
EndProject
Global
	GlobalSection(SolutionConfigurationPlatforms) = preSolution
		Debug|Any CPU = Debug|Any CPU
		Release|Any CPU = Release|Any CPU
	EndGlobalSection
	GlobalSection(ProjectConfigurationPlatforms) = postSolution
		{8E34924E-D361-46AD-B3AD-BC0E860830E9}.Debug|Any CPU.ActiveCfg = Debug|Any CPU
		{8E34924E-D361-46AD-B3AD-BC0E860830E9}.Debug|Any CPU.Build.0 = Debug|Any CPU
		{8E34924E-D361-46AD-B3AD-BC0E860830E9}.Release|Any CPU.ActiveCfg = Release|Any CPU
		{8E34924E-D361-46AD-B3AD-BC0E860830E9}.Release|Any CPU.Build.0 = Release|Any CPU
		{B2A5C8D7-4F3E-4A9B-8C6D-1E2F3A4B5C6D}.Debug|Any CPU.ActiveCfg = Debug|Any CPU
		{B2A5C8D7-4F3E-4A9B-8C6D-1E2F3A4B5C6D}.Debug|Any CPU.Build.0 = Debug|Any CPU
		{B2A5C8D7-4F3E-4A9B-8C6D-1E2F3A4B5C6D}.Release|Any CPU.ActiveCfg = Release|Any CPU
		{B2A5C8D7-4F3E-4A9B-8C6D-1E2F3A4B5C6D}.Release|Any CPU.Build.0 = Release|Any CPU
	EndGlobalSection
EndGlobal
